// !$*UTF8*$!
{
	archiveVersion = 1;
	classes = {
	};
	objectVersion = 50;
	objects = {

/* Begin PBXBuildFile section */
		B4303C9F25CA79280020AD66 /* SliderFunApp.swift in Sources */ = {isa = PBXBuildFile; fileRef = B4303C9E25CA79280020AD66 /* SliderFunApp.swift */; };
		B4303CA125CA79280020AD66 /* ContentView.swift in Sources */ = {isa = PBXBuildFile; fileRef = B4303CA025CA79280020AD66 /* ContentView.swift */; };
		B4303CA325CA792C0020AD66 /* Assets.xcassets in Resources */ = {isa = PBXBuildFile; fileRef = B4303CA225CA792C0020AD66 /* Assets.xcassets */; };
		B4303CA625CA792C0020AD66 /* Preview Assets.xcassets in Resources */ = {isa = PBXBuildFile; fileRef = B4303CA525CA792C0020AD66 /* Preview Assets.xcassets */; };
		B4303CB025CA795F0020AD66 /* View.swift in Sources */ = {isa = PBXBuildFile; fileRef = B4303CAF25CA795F0020AD66 /* View.swift */; };
		B4303CB525CA79F60020AD66 /* SliderView.swift in Sources */ = {isa = PBXBuildFile; fileRef = B4303CB425CA79F60020AD66 /* SliderView.swift */; };
		B4303CBE25CAB2A80020AD66 /* Color.swift in Sources */ = {isa = PBXBuildFile; fileRef = B4303CBD25CAB2A70020AD66 /* Color.swift */; };
/* End PBXBuildFile section */

/* Begin PBXFileReference section */
		B4303C9B25CA79280020AD66 /* SliderFun.app */ = {isa = PBXFileReference; explicitFileType = wrapper.application; includeInIndex = 0; path = SliderFun.app; sourceTree = BUILT_PRODUCTS_DIR; };
		B4303C9E25CA79280020AD66 /* SliderFunApp.swift */ = {isa = PBXFileReference; lastKnownFileType = sourcecode.swift; path = SliderFunApp.swift; sourceTree = "<group>"; };
		B4303CA025CA79280020AD66 /* ContentView.swift */ = {isa = PBXFileReference; lastKnownFileType = sourcecode.swift; path = ContentView.swift; sourceTree = "<group>"; };
		B4303CA225CA792C0020AD66 /* Assets.xcassets */ = {isa = PBXFileReference; lastKnownFileType = folder.assetcatalog; path = Assets.xcassets; sourceTree = "<group>"; };
		B4303CA525CA792C0020AD66 /* Preview Assets.xcassets */ = {isa = PBXFileReference; lastKnownFileType = folder.assetcatalog; path = "Preview Assets.xcassets"; sourceTree = "<group>"; };
		B4303CA725CA792C0020AD66 /* Info.plist */ = {isa = PBXFileReference; lastKnownFileType = text.plist.xml; path = Info.plist; sourceTree = "<group>"; };
		B4303CAF25CA795F0020AD66 /* View.swift */ = {isa = PBXFileReference; lastKnownFileType = sourcecode.swift; path = View.swift; sourceTree = "<group>"; };
		B4303CB425CA79F60020AD66 /* SliderView.swift */ = {isa = PBXFileReference; lastKnownFileType = sourcecode.swift; path = SliderView.swift; sourceTree = "<group>"; };
		B4303CBD25CAB2A70020AD66 /* Color.swift */ = {isa = PBXFileReference; lastKnownFileType = sourcecode.swift; path = Color.swift; sourceTree = "<group>"; };
/* End PBXFileReference section */

/* Begin PBXFrameworksBuildPhase section */
		B4303C9825CA79280020AD66 /* Frameworks */ = {
			isa = PBXFrameworksBuildPhase;
			buildActionMask = 2147483647;
			files = (
			);
			runOnlyForDeploymentPostprocessing = 0;
		};
/* End PBXFrameworksBuildPhase section */

/* Begin PBXGroup section */
		B4303C9225CA79280020AD66 = {
			isa = PBXGroup;
			children = (
				B4303C9D25CA79280020AD66 /* SliderFun */,
				B4303C9C25CA79280020AD66 /* Products */,
			);
			sourceTree = "<group>";
		};
		B4303C9C25CA79280020AD66 /* Products */ = {
			isa = PBXGroup;
			children = (
				B4303C9B25CA79280020AD66 /* SliderFun.app */,
			);
			name = Products;
			sourceTree = "<group>";
		};
		B4303C9D25CA79280020AD66 /* SliderFun */ = {
			isa = PBXGroup;
			children = (
				B4303CB325CA79E50020AD66 /* Slider */,
				B4303C9E25CA79280020AD66 /* SliderFunApp.swift */,
				B4303CA025CA79280020AD66 /* ContentView.swift */,
				B4303CAE25CA794A0020AD66 /* Extensions */,
				B4303CA225CA792C0020AD66 /* Assets.xcassets */,
				B4303CA725CA792C0020AD66 /* Info.plist */,
				B4303CA425CA792C0020AD66 /* Preview Content */,
			);
			path = SliderFun;
			sourceTree = "<group>";
		};
		B4303CA425CA792C0020AD66 /* Preview Content */ = {
			isa = PBXGroup;
			children = (
				B4303CA525CA792C0020AD66 /* Preview Assets.xcassets */,
			);
			path = "Preview Content";
			sourceTree = "<group>";
		};
		B4303CAE25CA794A0020AD66 /* Extensions */ = {
			isa = PBXGroup;
			children = (
				B4303CAF25CA795F0020AD66 /* View.swift */,
				B4303CBD25CAB2A70020AD66 /* Color.swift */,
			);
			path = Extensions;
			sourceTree = "<group>";
		};
		B4303CB325CA79E50020AD66 /* Slider */ = {
			isa = PBXGroup;
			children = (
				B4303CB425CA79F60020AD66 /* SliderView.swift */,
			);
			path = Slider;
			sourceTree = "<group>";
		};
/* End PBXGroup section */

/* Begin PBXNativeTarget section */
		B4303C9A25CA79280020AD66 /* SliderFun */ = {
			isa = PBXNativeTarget;
			buildConfigurationList = B4303CAA25CA792C0020AD66 /* Build configuration list for PBXNativeTarget "SliderFun" */;
			buildPhases = (
				B4303C9725CA79280020AD66 /* Sources */,
				B4303C9825CA79280020AD66 /* Frameworks */,
				B4303C9925CA79280020AD66 /* Resources */,
			);
			buildRules = (
			);
			dependencies = (
			);
			name = SliderFun;
			productName = SliderFun;
			productReference = B4303C9B25CA79280020AD66 /* SliderFun.app */;
			productType = "com.apple.product-type.application";
		};
/* End PBXNativeTarget section */

/* Begin PBXProject section */
		B4303C9325CA79280020AD66 /* Project object */ = {
			isa = PBXProject;
			attributes = {
				LastSwiftUpdateCheck = 1240;
				LastUpgradeCheck = 1240;
				TargetAttributes = {
					B4303C9A25CA79280020AD66 = {
						CreatedOnToolsVersion = 12.4;
					};
				};
			};
			buildConfigurationList = B4303C9625CA79280020AD66 /* Build configuration list for PBXProject "SliderFun" */;
			compatibilityVersion = "Xcode 9.3";
			developmentRegion = en;
			hasScannedForEncodings = 0;
			knownRegions = (
				en,
				Base,
			);
			mainGroup = B4303C9225CA79280020AD66;
			productRefGroup = B4303C9C25CA79280020AD66 /* Products */;
			projectDirPath = "";
			projectRoot = "";
			targets = (
				B4303C9A25CA79280020AD66 /* SliderFun */,
			);
		};
/* End PBXProject section */

/* Begin PBXResourcesBuildPhase section */
		B4303C9925CA79280020AD66 /* Resources */ = {
			isa = PBXResourcesBuildPhase;
			buildActionMask = 2147483647;
			files = (
				B4303CA625CA792C0020AD66 /* Preview Assets.xcassets in Resources */,
				B4303CA325CA792C0020AD66 /* Assets.xcassets in Resources */,
			);
			runOnlyForDeploymentPostprocessing = 0;
		};
/* End PBXResourcesBuildPhase section */

/* Begin PBXSourcesBuildPhase section */
		B4303C9725CA79280020AD66 /* Sources */ = {
			isa = PBXSourcesBuildPhase;
			buildActionMask = 2147483647;
			files = (
				B4303CA125CA79280020AD66 /* ContentView.swift in Sources */,
				B4303C9F25CA79280020AD66 /* SliderFunApp.swift in Sources */,
				B4303CB525CA79F60020AD66 /* SliderView.swift in Sources */,
				B4303CBE25CAB2A80020AD66 /* Color.swift in Sources */,
				B4303CB025CA795F0020AD66 /* View.swift in Sources */,
			);
			runOnlyForDeploymentPostprocessing = 0;
		};
/* End PBXSourcesBuildPhase section */

/* Begin XCBuildConfiguration section */
		B4303CA825CA792C0020AD66 /* Debug */ = {
			isa = XCBuildConfiguration;
			buildSettings = {
				ALWAYS_SEARCH_USER_PATHS = NO;
				CLANG_ANALYZER_NONNULL = YES;
				CLANG_ANALYZER_NUMBER_OBJECT_CONVERSION = YES_AGGRESSIVE;
				CLANG_CXX_LANGUAGE_STANDARD = "gnu++14";
				CLANG_CXX_LIBRARY = "libc++";
				CLANG_ENABLE_MODULES = YES;
				CLANG_ENABLE_OBJC_ARC = YES;
				CLANG_ENABLE_OBJC_WEAK = YES;
				CLANG_WARN_BLOCK_CAPTURE_AUTORELEASING = YES;
				CLANG_WARN_BOOL_CONVERSION = YES;
				CLANG_WARN_COMMA = YES;
				CLANG_WARN_CONSTANT_CONVERSION = YES;
				CLANG_WARN_DEPRECATED_OBJC_IMPLEMENTATIONS = YES;
				CLANG_WARN_DIRECT_OBJC_ISA_USAGE = YES_ERROR;
				CLANG_WARN_DOCUMENTATION_COMMENTS = YES;
				CLANG_WARN_EMPTY_BODY = YES;
				CLANG_WARN_ENUM_CONVERSION = YES;
				CLANG_WARN_INFINITE_RECURSION = YES;
				CLANG_WARN_INT_CONVERSION = YES;
				CLANG_WARN_NON_LITERAL_NULL_CONVERSION = YES;
				CLANG_WARN_OBJC_IMPLICIT_RETAIN_SELF = YES;
				CLANG_WARN_OBJC_LITERAL_CONVERSION = YES;
				CLANG_WARN_OBJC_ROOT_CLASS = YES_ERROR;
				CLANG_WARN_QUOTED_INCLUDE_IN_FRAMEWORK_HEADER = YES;
				CLANG_WARN_RANGE_LOOP_ANALYSIS = YES;
				CLANG_WARN_STRICT_PROTOTYPES = YES;
				CLANG_WARN_SUSPICIOUS_MOVE = YES;
				CLANG_WARN_UNGUARDED_AVAILABILITY = YES_AGGRESSIVE;
				CLANG_WARN_UNREACHABLE_CODE = YES;
				CLANG_WARN__DUPLICATE_METHOD_MATCH = YES;
				COPY_PHASE_STRIP = NO;
				DEBUG_INFORMATION_FORMAT = dwarf;
				ENABLE_STRICT_OBJC_MSGSEND = YES;
				ENABLE_TESTABILITY = YES;
				GCC_C_LANGUAGE_STANDARD = gnu11;
				GCC_DYNAMIC_NO_PIC = NO;
				GCC_NO_COMMON_BLOCKS = YES;
				GCC_OPTIMIZATION_LEVEL = 0;
				GCC_PREPROCESSOR_DEFINITIONS = (
					"DEBUG=1",
					"$(inherited)",
				);
				GCC_WARN_64_TO_32_BIT_CONVERSION = YES;
				GCC_WARN_ABOUT_RETURN_TYPE = YES_ERROR;
				GCC_WARN_UNDECLARED_SELECTOR = YES;
				GCC_WARN_UNINITIALIZED_AUTOS = YES_AGGRESSIVE;
				GCC_WARN_UNUSED_FUNCTION = YES;
				GCC_WARN_UNUSED_VARIABLE = YES;
				IPHONEOS_DEPLOYMENT_TARGET = 14.4;
				MTL_ENABLE_DEBUG_INFO = INCLUDE_SOURCE;
				MTL_FAST_MATH = YES;
				ONLY_ACTIVE_ARCH = YES;
				SDKROOT = iphoneos;
				SWIFT_ACTIVE_COMPILATION_CONDITIONS = DEBUG;
				SWIFT_OPTIMIZATION_LEVEL = "-Onone";
			};
			name = Debug;
		};
		B4303CA925CA792C0020AD66 /* Release */ = {
			isa = XCBuildConfiguration;
			buildSettings = {
				ALWAYS_SEARCH_USER_PATHS = NO;
				CLANG_ANALYZER_NONNULL = YES;
				CLANG_ANALYZER_NUMBER_OBJECT_CONVERSION = YES_AGGRESSIVE;
				CLANG_CXX_LANGUAGE_STANDARD = "gnu++14";
				CLANG_CXX_LIBRARY = "libc++";
				CLANG_ENABLE_MODULES = YES;
				CLANG_ENABLE_OBJC_ARC = YES;
				CLANG_ENABLE_OBJC_WEAK = YES;
				CLANG_WARN_BLOCK_CAPTURE_AUTORELEASING = YES;
				CLANG_WARN_BOOL_CONVERSION = YES;
				CLANG_WARN_COMMA = YES;
				CLANG_WARN_CONSTANT_CONVERSION = YES;
				CLANG_WARN_DEPRECATED_OBJC_IMPLEMENTATIONS = YES;
				CLANG_WARN_DIRECT_OBJC_ISA_USAGE = YES_ERROR;
				CLANG_WARN_DOCUMENTATION_COMMENTS = YES;
				CLANG_WARN_EMPTY_BODY = YES;
				CLANG_WARN_ENUM_CONVERSION = YES;
				CLANG_WARN_INFINITE_RECURSION = YES;
				CLANG_WARN_INT_CONVERSION = YES;
				CLANG_WARN_NON_LITERAL_NULL_CONVERSION = YES;
				CLANG_WARN_OBJC_IMPLICIT_RETAIN_SELF = YES;
				CLANG_WARN_OBJC_LITERAL_CONVERSION = YES;
				CLANG_WARN_OBJC_ROOT_CLASS = YES_ERROR;
				CLANG_WARN_QUOTED_INCLUDE_IN_FRAMEWORK_HEADER = YES;
				CLANG_WARN_RANGE_LOOP_ANALYSIS = YES;
				CLANG_WARN_STRICT_PROTOTYPES = YES;
				CLANG_WARN_SUSPICIOUS_MOVE = YES;
				CLANG_WARN_UNGUARDED_AVAILABILITY = YES_AGGRESSIVE;
				CLANG_WARN_UNREACHABLE_CODE = YES;
				CLANG_WARN__DUPLICATE_METHOD_MATCH = YES;
				COPY_PHASE_STRIP = NO;
				DEBUG_INFORMATION_FORMAT = "dwarf-with-dsym";
				ENABLE_NS_ASSERTIONS = NO;
				ENABLE_STRICT_OBJC_MSGSEND = YES;
				GCC_C_LANGUAGE_STANDARD = gnu11;
				GCC_NO_COMMON_BLOCKS = YES;
				GCC_WARN_64_TO_32_BIT_CONVERSION = YES;
				GCC_WARN_ABOUT_RETURN_TYPE = YES_ERROR;
				GCC_WARN_UNDECLARED_SELECTOR = YES;
				GCC_WARN_UNINITIALIZED_AUTOS = YES_AGGRESSIVE;
				GCC_WARN_UNUSED_FUNCTION = YES;
				GCC_WARN_UNUSED_VARIABLE = YES;
				IPHONEOS_DEPLOYMENT_TARGET = 14.4;
				MTL_ENABLE_DEBUG_INFO = NO;
				MTL_FAST_MATH = YES;
				SDKROOT = iphoneos;
				SWIFT_COMPILATION_MODE = wholemodule;
				SWIFT_OPTIMIZATION_LEVEL = "-O";
				VALIDATE_PRODUCT = YES;
			};
			name = Release;
		};
		B4303CAB25CA792C0020AD66 /* Debug */ = {
			isa = XCBuildConfiguration;
			buildSettings = {
				ASSETCATALOG_COMPILER_APPICON_NAME = AppIcon;
				ASSETCATALOG_COMPILER_GLOBAL_ACCENT_COLOR_NAME = AccentColor;
				CODE_SIGN_STYLE = Automatic;
				DEVELOPMENT_ASSET_PATHS = "\"SliderFun/Preview Content\"";
				DEVELOPMENT_TEAM = X3X5633H92;
				ENABLE_PREVIEWS = YES;
				INFOPLIST_FILE = SliderFun/Info.plist;
				IPHONEOS_DEPLOYMENT_TARGET = 14.0;
				LD_RUNPATH_SEARCH_PATHS = (
					"$(inherited)",
					"@executable_path/Frameworks",
				);
				PRODUCT_BUNDLE_IDENTIFIER = com.polarr.SliderFun;
				PRODUCT_NAME = "$(TARGET_NAME)";
				SWIFT_VERSION = 5.0;
				TARGETED_DEVICE_FAMILY = "1,2";
			};
			name = Debug;
		};
		B4303CAC25CA792C0020AD66 /* Release */ = {
			isa = XCBuildConfiguration;
			buildSettings = {
				ASSETCATALOG_COMPILER_APPICON_NAME = AppIcon;
				ASSETCATALOG_COMPILER_GLOBAL_ACCENT_COLOR_NAME = AccentColor;
				CODE_SIGN_STYLE = Automatic;
				DEVELOPMENT_ASSET_PATHS = "\"SliderFun/Preview Content\"";
				DEVELOPMENT_TEAM = X3X5633H92;
				ENABLE_PREVIEWS = YES;
				INFOPLIST_FILE = SliderFun/Info.plist;
				IPHONEOS_DEPLOYMENT_TARGET = 14.0;
				LD_RUNPATH_SEARCH_PATHS = (
					"$(inherited)",
					"@executable_path/Frameworks",
				);
				PRODUCT_BUNDLE_IDENTIFIER = com.polarr.SliderFun;
				PRODUCT_NAME = "$(TARGET_NAME)";
				SWIFT_VERSION = 5.0;
				TARGETED_DEVICE_FAMILY = "1,2";
			};
			name = Release;
		};
/* End XCBuildConfiguration section */

/* Begin XCConfigurationList section */
		B4303C9625CA79280020AD66 /* Build configuration list for PBXProject "SliderFun" */ = {
			isa = XCConfigurationList;
			buildConfigurations = (
				B4303CA825CA792C0020AD66 /* Debug */,
				B4303CA925CA792C0020AD66 /* Release */,
			);
			defaultConfigurationIsVisible = 0;
			defaultConfigurationName = Release;
		};
		B4303CAA25CA792C0020AD66 /* Build configuration list for PBXNativeTarget "SliderFun" */ = {
			isa = XCConfigurationList;
			buildConfigurations = (
				B4303CAB25CA792C0020AD66 /* Debug */,
				B4303CAC25CA792C0020AD66 /* Release */,
			);
			defaultConfigurationIsVisible = 0;
			defaultConfigurationName = Release;
		};
/* End XCConfigurationList section */
	};
	rootObject = B4303C9325CA79280020AD66 /* Project object */;
}
